
Microsoft Visual Studio Solution File, Format Version 12.00
# Visual Studio Version 16
VisualStudioVersion = 16.0.31515.178
MinimumVisualStudioVersion = 10.0.40219.1
Project("{888888A0-9F3D-457C-B088-3A5042F75D52}") = "CIS 261 Course Project", "CIS 261 Course Project.pyproj", "{13E6A0EC-5A5C-4B52-9367-393CB93CC189}"
EndProject
Global
	GlobalSection(SolutionConfigurationPlatforms) = preSolution
		Debug|Any CPU = Debug|Any CPU
		Release|Any CPU = Release|Any CPU
	EndGlobalSection
	GlobalSection(ProjectConfigurationPlatforms) = postSolution
		{13E6A0EC-5A5C-4B52-9367-393CB93CC189}.Debug|Any CPU.ActiveCfg = Debug|Any CPU
		{13E6A0EC-5A5C-4B52-9367-393CB93CC189}.Release|Any CPU.ActiveCfg = Release|Any CPU
	EndGlobalSection
	GlobalSection(SolutionProperties) = preSolution
		HideSolutionNode = FALSE
	EndGlobalSection
	GlobalSection(ExtensibilityGlobals) = postSolution
		SolutionGuid = {E28D0ADC-4791-471D-8235-3AB8F5DAC720}
	EndGlobalSection
EndGlobal
